// !$*UTF8*$!
{
	archiveVersion = 1;
	classes = {
	};
	objectVersion = 46;
	objects = {

/* Begin PBXBuildFile section */
		1B1CE2BC1DEFF8D000DD2561 /* AppDelegate.swift in Sources */ = {isa = PBXBuildFile; fileRef = 1B1CE2BB1DEFF8D000DD2561 /* AppDelegate.swift */; };
		1B1CE2BE1DEFF8D000DD2561 /* ViewController.swift in Sources */ = {isa = PBXBuildFile; fileRef = 1B1CE2BD1DEFF8D000DD2561 /* ViewController.swift */; };
		1B1CE2C11DEFF8D000DD2561 /* Main.storyboard in Resources */ = {isa = PBXBuildFile; fileRef = 1B1CE2BF1DEFF8D000DD2561 /* Main.storyboard */; };
		1B1CE2C41DEFF8D000DD2561 /* JabberWock.xcdatamodeld in Sources */ = {isa = PBXBuildFile; fileRef = 1B1CE2C21DEFF8D000DD2561 /* JabberWock.xcdatamodeld */; };
		1B1CE2C61DEFF8D000DD2561 /* Assets.xcassets in Resources */ = {isa = PBXBuildFile; fileRef = 1B1CE2C51DEFF8D000DD2561 /* Assets.xcassets */; };
		1B1CE2C91DEFF8D000DD2561 /* LaunchScreen.storyboard in Resources */ = {isa = PBXBuildFile; fileRef = 1B1CE2C71DEFF8D000DD2561 /* LaunchScreen.storyboard */; };
		1B1CE2D41DEFF8D000DD2561 /* JabberWockTests.swift in Sources */ = {isa = PBXBuildFile; fileRef = 1B1CE2D31DEFF8D000DD2561 /* JabberWockTests.swift */; };
		1B1CE2DF1DF0086500DD2561 /* html.swift in Sources */ = {isa = PBXBuildFile; fileRef = 1B1CE2DE1DF0086500DD2561 /* html.swift */; };
		1B1CE2E51DF0117200DD2561 /* language.swift in Sources */ = {isa = PBXBuildFile; fileRef = 1B1CE2E41DF0117200DD2561 /* language.swift */; };
		1B1CE2E71DF0127E00DD2561 /* charset.swift in Sources */ = {isa = PBXBuildFile; fileRef = 1B1CE2E61DF0127E00DD2561 /* charset.swift */; };
		1B1CE2E91DF017F000DD2561 /* head.swift in Sources */ = {isa = PBXBuildFile; fileRef = 1B1CE2E81DF017F000DD2561 /* head.swift */; };
		1B1CE2EB1DF0185C00DD2561 /* body.swift in Sources */ = {isa = PBXBuildFile; fileRef = 1B1CE2EA1DF0185C00DD2561 /* body.swift */; };
		1B71C0DB1DF2A98F006492D5 /* JW.swift in Sources */ = {isa = PBXBuildFile; fileRef = 1B71C0DA1DF2A98F006492D5 /* JW.swift */; };
		1B71C0DD1DF2AF13006492D5 /* result.txt in Resources */ = {isa = PBXBuildFile; fileRef = 1B71C0DC1DF2AF13006492D5 /* result.txt */; };
		1B71C0DF1DF2B24B006492D5 /* JWTest.swift in Sources */ = {isa = PBXBuildFile; fileRef = 1B71C0DE1DF2B24B006492D5 /* JWTest.swift */; };
		1B71C0E21DF2B2D9006492D5 /* JW.swift in Sources */ = {isa = PBXBuildFile; fileRef = 1B71C0DA1DF2A98F006492D5 /* JW.swift */; };
/* End PBXBuildFile section */

/* Begin PBXContainerItemProxy section */
		1B1CE2D01DEFF8D000DD2561 /* PBXContainerItemProxy */ = {
			isa = PBXContainerItemProxy;
			containerPortal = 1B1CE2B01DEFF8D000DD2561 /* Project object */;
			proxyType = 1;
			remoteGlobalIDString = 1B1CE2B71DEFF8D000DD2561;
			remoteInfo = JabberWock;
		};
/* End PBXContainerItemProxy section */

/* Begin PBXFileReference section */
		1B1CE2B81DEFF8D000DD2561 /* JabberWock.app */ = {isa = PBXFileReference; explicitFileType = wrapper.application; includeInIndex = 0; path = JabberWock.app; sourceTree = BUILT_PRODUCTS_DIR; };
		1B1CE2BB1DEFF8D000DD2561 /* AppDelegate.swift */ = {isa = PBXFileReference; lastKnownFileType = sourcecode.swift; path = AppDelegate.swift; sourceTree = "<group>"; };
		1B1CE2BD1DEFF8D000DD2561 /* ViewController.swift */ = {isa = PBXFileReference; lastKnownFileType = sourcecode.swift; path = ViewController.swift; sourceTree = "<group>"; };
		1B1CE2C01DEFF8D000DD2561 /* Base */ = {isa = PBXFileReference; lastKnownFileType = file.storyboard; name = Base; path = Base.lproj/Main.storyboard; sourceTree = "<group>"; };
		1B1CE2C31DEFF8D000DD2561 /* JabberWock.xcdatamodel */ = {isa = PBXFileReference; lastKnownFileType = wrapper.xcdatamodel; path = JabberWock.xcdatamodel; sourceTree = "<group>"; };
		1B1CE2C51DEFF8D000DD2561 /* Assets.xcassets */ = {isa = PBXFileReference; lastKnownFileType = folder.assetcatalog; path = Assets.xcassets; sourceTree = "<group>"; };
		1B1CE2C81DEFF8D000DD2561 /* Base */ = {isa = PBXFileReference; lastKnownFileType = file.storyboard; name = Base; path = Base.lproj/LaunchScreen.storyboard; sourceTree = "<group>"; };
		1B1CE2CA1DEFF8D000DD2561 /* Info.plist */ = {isa = PBXFileReference; lastKnownFileType = text.plist.xml; path = Info.plist; sourceTree = "<group>"; };
		1B1CE2CF1DEFF8D000DD2561 /* JabberWockTests.xctest */ = {isa = PBXFileReference; explicitFileType = wrapper.cfbundle; includeInIndex = 0; path = JabberWockTests.xctest; sourceTree = BUILT_PRODUCTS_DIR; };
		1B1CE2D31DEFF8D000DD2561 /* JabberWockTests.swift */ = {isa = PBXFileReference; lastKnownFileType = sourcecode.swift; path = JabberWockTests.swift; sourceTree = "<group>"; };
		1B1CE2D51DEFF8D000DD2561 /* Info.plist */ = {isa = PBXFileReference; lastKnownFileType = text.plist.xml; path = Info.plist; sourceTree = "<group>"; };
		1B1CE2DE1DF0086500DD2561 /* html.swift */ = {isa = PBXFileReference; fileEncoding = 4; lastKnownFileType = sourcecode.swift; path = html.swift; sourceTree = "<group>"; };
		1B1CE2E41DF0117200DD2561 /* language.swift */ = {isa = PBXFileReference; fileEncoding = 4; lastKnownFileType = sourcecode.swift; path = language.swift; sourceTree = "<group>"; };
		1B1CE2E61DF0127E00DD2561 /* charset.swift */ = {isa = PBXFileReference; fileEncoding = 4; lastKnownFileType = sourcecode.swift; path = charset.swift; sourceTree = "<group>"; };
		1B1CE2E81DF017F000DD2561 /* head.swift */ = {isa = PBXFileReference; fileEncoding = 4; lastKnownFileType = sourcecode.swift; path = head.swift; sourceTree = "<group>"; };
		1B1CE2EA1DF0185C00DD2561 /* body.swift */ = {isa = PBXFileReference; fileEncoding = 4; lastKnownFileType = sourcecode.swift; path = body.swift; sourceTree = "<group>"; };
		1B71C0DA1DF2A98F006492D5 /* JW.swift */ = {isa = PBXFileReference; fileEncoding = 4; lastKnownFileType = sourcecode.swift; path = JW.swift; sourceTree = "<group>"; };
		1B71C0DC1DF2AF13006492D5 /* result.txt */ = {isa = PBXFileReference; fileEncoding = 4; lastKnownFileType = text; path = result.txt; sourceTree = "<group>"; };
		1B71C0DE1DF2B24B006492D5 /* JWTest.swift */ = {isa = PBXFileReference; fileEncoding = 4; lastKnownFileType = sourcecode.swift; path = JWTest.swift; sourceTree = "<group>"; };
/* End PBXFileReference section */

/* Begin PBXFrameworksBuildPhase section */
		1B1CE2B51DEFF8D000DD2561 /* Frameworks */ = {
			isa = PBXFrameworksBuildPhase;
			buildActionMask = 2147483647;
			files = (
			);
			runOnlyForDeploymentPostprocessing = 0;
		};
		1B1CE2CC1DEFF8D000DD2561 /* Frameworks */ = {
			isa = PBXFrameworksBuildPhase;
			buildActionMask = 2147483647;
			files = (
			);
			runOnlyForDeploymentPostprocessing = 0;
		};
/* End PBXFrameworksBuildPhase section */

/* Begin PBXGroup section */
		1B1CE2AF1DEFF8D000DD2561 = {
			isa = PBXGroup;
			children = (
				1B1CE2BA1DEFF8D000DD2561 /* JabberWock */,
				1B1CE2D21DEFF8D000DD2561 /* JabberWockTests */,
				1B1CE2B91DEFF8D000DD2561 /* Products */,
			);
			sourceTree = "<group>";
		};
		1B1CE2B91DEFF8D000DD2561 /* Products */ = {
			isa = PBXGroup;
			children = (
				1B1CE2B81DEFF8D000DD2561 /* JabberWock.app */,
				1B1CE2CF1DEFF8D000DD2561 /* JabberWockTests.xctest */,
			);
			name = Products;
			sourceTree = "<group>";
		};
		1B1CE2BA1DEFF8D000DD2561 /* JabberWock */ = {
			isa = PBXGroup;
			children = (
				1B1CE2E31DF0115400DD2561 /* global */,
				1B1CE2E21DF0089D00DD2561 /* js */,
				1B1CE2E11DF0089700DD2561 /* css */,
				1B1CE2E01DF0088C00DD2561 /* html */,
				1B1CE2BB1DEFF8D000DD2561 /* AppDelegate.swift */,
				1B1CE2BD1DEFF8D000DD2561 /* ViewController.swift */,
				1B1CE2BF1DEFF8D000DD2561 /* Main.storyboard */,
				1B1CE2C51DEFF8D000DD2561 /* Assets.xcassets */,
				1B1CE2C71DEFF8D000DD2561 /* LaunchScreen.storyboard */,
				1B1CE2CA1DEFF8D000DD2561 /* Info.plist */,
				1B1CE2C21DEFF8D000DD2561 /* JabberWock.xcdatamodeld */,
				1B71C0DC1DF2AF13006492D5 /* result.txt */,
			);
			path = JabberWock;
			sourceTree = "<group>";
		};
		1B1CE2D21DEFF8D000DD2561 /* JabberWockTests */ = {
			isa = PBXGroup;
			children = (
				1B1CE2D31DEFF8D000DD2561 /* JabberWockTests.swift */,
				1B1CE2D51DEFF8D000DD2561 /* Info.plist */,
				1B71C0DE1DF2B24B006492D5 /* JWTest.swift */,
			);
			path = JabberWockTests;
			sourceTree = "<group>";
		};
		1B1CE2E01DF0088C00DD2561 /* html */ = {
			isa = PBXGroup;
			children = (
				1B1CE2DE1DF0086500DD2561 /* html.swift */,
				1B1CE2E81DF017F000DD2561 /* head.swift */,
				1B1CE2EA1DF0185C00DD2561 /* body.swift */,
			);
			name = html;
			sourceTree = "<group>";
		};
		1B1CE2E11DF0089700DD2561 /* css */ = {
			isa = PBXGroup;
			children = (
			);
			name = css;
			sourceTree = "<group>";
		};
		1B1CE2E21DF0089D00DD2561 /* js */ = {
			isa = PBXGroup;
			children = (
			);
			name = js;
			sourceTree = "<group>";
		};
		1B1CE2E31DF0115400DD2561 /* global */ = {
			isa = PBXGroup;
			children = (
				1B1CE2E41DF0117200DD2561 /* language.swift */,
				1B1CE2E61DF0127E00DD2561 /* charset.swift */,
				1B71C0DA1DF2A98F006492D5 /* JW.swift */,
			);
			name = global;
			sourceTree = "<group>";
		};
/* End PBXGroup section */

/* Begin PBXNativeTarget section */
		1B1CE2B71DEFF8D000DD2561 /* JabberWock */ = {
			isa = PBXNativeTarget;
			buildConfigurationList = 1B1CE2D81DEFF8D000DD2561 /* Build configuration list for PBXNativeTarget "JabberWock" */;
			buildPhases = (
				1B1CE2B41DEFF8D000DD2561 /* Sources */,
				1B1CE2B51DEFF8D000DD2561 /* Frameworks */,
				1B1CE2B61DEFF8D000DD2561 /* Resources */,
			);
			buildRules = (
			);
			dependencies = (
			);
			name = JabberWock;
			productName = JabberWock;
			productReference = 1B1CE2B81DEFF8D000DD2561 /* JabberWock.app */;
			productType = "com.apple.product-type.application";
		};
		1B1CE2CE1DEFF8D000DD2561 /* JabberWockTests */ = {
			isa = PBXNativeTarget;
			buildConfigurationList = 1B1CE2DB1DEFF8D000DD2561 /* Build configuration list for PBXNativeTarget "JabberWockTests" */;
			buildPhases = (
				1B1CE2CB1DEFF8D000DD2561 /* Sources */,
				1B1CE2CC1DEFF8D000DD2561 /* Frameworks */,
				1B1CE2CD1DEFF8D000DD2561 /* Resources */,
			);
			buildRules = (
			);
			dependencies = (
				1B1CE2D11DEFF8D000DD2561 /* PBXTargetDependency */,
			);
			name = JabberWockTests;
			productName = JabberWockTests;
			productReference = 1B1CE2CF1DEFF8D000DD2561 /* JabberWockTests.xctest */;
			productType = "com.apple.product-type.bundle.unit-test";
		};
/* End PBXNativeTarget section */

/* Begin PBXProject section */
		1B1CE2B01DEFF8D000DD2561 /* Project object */ = {
			isa = PBXProject;
			attributes = {
				LastSwiftUpdateCheck = 0810;
				LastUpgradeCheck = 0810;
				ORGANIZATIONNAME = "momiji-mac";
				TargetAttributes = {
					1B1CE2B71DEFF8D000DD2561 = {
						CreatedOnToolsVersion = 8.1;
						DevelopmentTeam = CSUJW2XS9K;
						ProvisioningStyle = Automatic;
					};
					1B1CE2CE1DEFF8D000DD2561 = {
						CreatedOnToolsVersion = 8.1;
						DevelopmentTeam = CSUJW2XS9K;
						ProvisioningStyle = Automatic;
						TestTargetID = 1B1CE2B71DEFF8D000DD2561;
					};
				};
			};
			buildConfigurationList = 1B1CE2B31DEFF8D000DD2561 /* Build configuration list for PBXProject "JabberWock" */;
			compatibilityVersion = "Xcode 3.2";
			developmentRegion = English;
			hasScannedForEncodings = 0;
			knownRegions = (
				en,
				Base,
			);
			mainGroup = 1B1CE2AF1DEFF8D000DD2561;
			productRefGroup = 1B1CE2B91DEFF8D000DD2561 /* Products */;
			projectDirPath = "";
			projectRoot = "";
			targets = (
				1B1CE2B71DEFF8D000DD2561 /* JabberWock */,
				1B1CE2CE1DEFF8D000DD2561 /* JabberWockTests */,
			);
		};
/* End PBXProject section */

/* Begin PBXResourcesBuildPhase section */
		1B1CE2B61DEFF8D000DD2561 /* Resources */ = {
			isa = PBXResourcesBuildPhase;
			buildActionMask = 2147483647;
			files = (
				1B1CE2C91DEFF8D000DD2561 /* LaunchScreen.storyboard in Resources */,
				1B1CE2C61DEFF8D000DD2561 /* Assets.xcassets in Resources */,
				1B1CE2C11DEFF8D000DD2561 /* Main.storyboard in Resources */,
				1B71C0DD1DF2AF13006492D5 /* result.txt in Resources */,
			);
			runOnlyForDeploymentPostprocessing = 0;
		};
		1B1CE2CD1DEFF8D000DD2561 /* Resources */ = {
			isa = PBXResourcesBuildPhase;
			buildActionMask = 2147483647;
			files = (
			);
			runOnlyForDeploymentPostprocessing = 0;
		};
/* End PBXResourcesBuildPhase section */

/* Begin PBXSourcesBuildPhase section */
		1B1CE2B41DEFF8D000DD2561 /* Sources */ = {
			isa = PBXSourcesBuildPhase;
			buildActionMask = 2147483647;
			files = (
				1B1CE2BE1DEFF8D000DD2561 /* ViewController.swift in Sources */,
				1B1CE2E51DF0117200DD2561 /* language.swift in Sources */,
				1B71C0DB1DF2A98F006492D5 /* JW.swift in Sources */,
				1B1CE2C41DEFF8D000DD2561 /* JabberWock.xcdatamodeld in Sources */,
				1B1CE2EB1DF0185C00DD2561 /* body.swift in Sources */,
				1B1CE2DF1DF0086500DD2561 /* html.swift in Sources */,
				1B1CE2E71DF0127E00DD2561 /* charset.swift in Sources */,
				1B1CE2E91DF017F000DD2561 /* head.swift in Sources */,
				1B1CE2BC1DEFF8D000DD2561 /* AppDelegate.swift in Sources */,
			);
			runOnlyForDeploymentPostprocessing = 0;
		};
		1B1CE2CB1DEFF8D000DD2561 /* Sources */ = {
			isa = PBXSourcesBuildPhase;
			buildActionMask = 2147483647;
			files = (
				1B71C0DF1DF2B24B006492D5 /* JWTest.swift in Sources */,
				1B1CE2D41DEFF8D000DD2561 /* JabberWockTests.swift in Sources */,
				1B71C0E21DF2B2D9006492D5 /* JW.swift in Sources */,
			);
			runOnlyForDeploymentPostprocessing = 0;
		};
/* End PBXSourcesBuildPhase section */

/* Begin PBXTargetDependency section */
		1B1CE2D11DEFF8D000DD2561 /* PBXTargetDependency */ = {
			isa = PBXTargetDependency;
			target = 1B1CE2B71DEFF8D000DD2561 /* JabberWock */;
			targetProxy = 1B1CE2D01DEFF8D000DD2561 /* PBXContainerItemProxy */;
		};
/* End PBXTargetDependency section */

/* Begin PBXVariantGroup section */
		1B1CE2BF1DEFF8D000DD2561 /* Main.storyboard */ = {
			isa = PBXVariantGroup;
			children = (
				1B1CE2C01DEFF8D000DD2561 /* Base */,
			);
			name = Main.storyboard;
			sourceTree = "<group>";
		};
		1B1CE2C71DEFF8D000DD2561 /* LaunchScreen.storyboard */ = {
			isa = PBXVariantGroup;
			children = (
				1B1CE2C81DEFF8D000DD2561 /* Base */,
			);
			name = LaunchScreen.storyboard;
			sourceTree = "<group>";
		};
/* End PBXVariantGroup section */

/* Begin XCBuildConfiguration section */
		1B1CE2D61DEFF8D000DD2561 /* Debug */ = {
			isa = XCBuildConfiguration;
			buildSettings = {
				ALWAYS_SEARCH_USER_PATHS = NO;
				CLANG_ANALYZER_NONNULL = YES;
				CLANG_CXX_LANGUAGE_STANDARD = "gnu++0x";
				CLANG_CXX_LIBRARY = "libc++";
				CLANG_ENABLE_MODULES = YES;
				CLANG_ENABLE_OBJC_ARC = YES;
				CLANG_WARN_BOOL_CONVERSION = YES;
				CLANG_WARN_CONSTANT_CONVERSION = YES;
				CLANG_WARN_DIRECT_OBJC_ISA_USAGE = YES_ERROR;
				CLANG_WARN_DOCUMENTATION_COMMENTS = YES;
				CLANG_WARN_EMPTY_BODY = YES;
				CLANG_WARN_ENUM_CONVERSION = YES;
				CLANG_WARN_INFINITE_RECURSION = YES;
				CLANG_WARN_INT_CONVERSION = YES;
				CLANG_WARN_OBJC_ROOT_CLASS = YES_ERROR;
				CLANG_WARN_SUSPICIOUS_MOVES = YES;
				CLANG_WARN_UNREACHABLE_CODE = YES;
				CLANG_WARN__DUPLICATE_METHOD_MATCH = YES;
				"CODE_SIGN_IDENTITY[sdk=iphoneos*]" = "iPhone Developer";
				COPY_PHASE_STRIP = NO;
				DEBUG_INFORMATION_FORMAT = dwarf;
				ENABLE_STRICT_OBJC_MSGSEND = YES;
				ENABLE_TESTABILITY = YES;
				GCC_C_LANGUAGE_STANDARD = gnu99;
				GCC_DYNAMIC_NO_PIC = NO;
				GCC_NO_COMMON_BLOCKS = YES;
				GCC_OPTIMIZATION_LEVEL = 0;
				GCC_PREPROCESSOR_DEFINITIONS = (
					"DEBUG=1",
					"$(inherited)",
				);
				GCC_WARN_64_TO_32_BIT_CONVERSION = YES;
				GCC_WARN_ABOUT_RETURN_TYPE = YES_ERROR;
				GCC_WARN_UNDECLARED_SELECTOR = YES;
				GCC_WARN_UNINITIALIZED_AUTOS = YES_AGGRESSIVE;
				GCC_WARN_UNUSED_FUNCTION = YES;
				GCC_WARN_UNUSED_VARIABLE = YES;
				IPHONEOS_DEPLOYMENT_TARGET = 10.1;
				MTL_ENABLE_DEBUG_INFO = YES;
				ONLY_ACTIVE_ARCH = YES;
				SDKROOT = iphoneos;
				SWIFT_ACTIVE_COMPILATION_CONDITIONS = DEBUG;
				SWIFT_OPTIMIZATION_LEVEL = "-Onone";
				TARGETED_DEVICE_FAMILY = "1,2";
			};
			name = Debug;
		};
		1B1CE2D71DEFF8D000DD2561 /* Release */ = {
			isa = XCBuildConfiguration;
			buildSettings = {
				ALWAYS_SEARCH_USER_PATHS = NO;
				CLANG_ANALYZER_NONNULL = YES;
				CLANG_CXX_LANGUAGE_STANDARD = "gnu++0x";
				CLANG_CXX_LIBRARY = "libc++";
				CLANG_ENABLE_MODULES = YES;
				CLANG_ENABLE_OBJC_ARC = YES;
				CLANG_WARN_BOOL_CONVERSION = YES;
				CLANG_WARN_CONSTANT_CONVERSION = YES;
				CLANG_WARN_DIRECT_OBJC_ISA_USAGE = YES_ERROR;
				CLANG_WARN_DOCUMENTATION_COMMENTS = YES;
				CLANG_WARN_EMPTY_BODY = YES;
				CLANG_WARN_ENUM_CONVERSION = YES;
				CLANG_WARN_INFINITE_RECURSION = YES;
				CLANG_WARN_INT_CONVERSION = YES;
				CLANG_WARN_OBJC_ROOT_CLASS = YES_ERROR;
				CLANG_WARN_SUSPICIOUS_MOVES = YES;
				CLANG_WARN_UNREACHABLE_CODE = YES;
				CLANG_WARN__DUPLICATE_METHOD_MATCH = YES;
				"CODE_SIGN_IDENTITY[sdk=iphoneos*]" = "iPhone Developer";
				COPY_PHASE_STRIP = NO;
				DEBUG_INFORMATION_FORMAT = "dwarf-with-dsym";
				ENABLE_NS_ASSERTIONS = NO;
				ENABLE_STRICT_OBJC_MSGSEND = YES;
				GCC_C_LANGUAGE_STANDARD = gnu99;
				GCC_NO_COMMON_BLOCKS = YES;
				GCC_WARN_64_TO_32_BIT_CONVERSION = YES;
				GCC_WARN_ABOUT_RETURN_TYPE = YES_ERROR;
				GCC_WARN_UNDECLARED_SELECTOR = YES;
				GCC_WARN_UNINITIALIZED_AUTOS = YES_AGGRESSIVE;
				GCC_WARN_UNUSED_FUNCTION = YES;
				GCC_WARN_UNUSED_VARIABLE = YES;
				IPHONEOS_DEPLOYMENT_TARGET = 10.1;
				MTL_ENABLE_DEBUG_INFO = NO;
				SDKROOT = iphoneos;
				SWIFT_OPTIMIZATION_LEVEL = "-Owholemodule";
				TARGETED_DEVICE_FAMILY = "1,2";
				VALIDATE_PRODUCT = YES;
			};
			name = Release;
		};
		1B1CE2D91DEFF8D000DD2561 /* Debug */ = {
			isa = XCBuildConfiguration;
			buildSettings = {
				ASSETCATALOG_COMPILER_APPICON_NAME = AppIcon;
				DEVELOPMENT_TEAM = CSUJW2XS9K;
				INFOPLIST_FILE = JabberWock/Info.plist;
				LD_RUNPATH_SEARCH_PATHS = "$(inherited) @executable_path/Frameworks";
				PRODUCT_BUNDLE_IDENTIFIER = "jp.com.momiji-mac.JabberWock";
				PRODUCT_NAME = "$(TARGET_NAME)";
				SWIFT_VERSION = 3.0;
			};
			name = Debug;
		};
		1B1CE2DA1DEFF8D000DD2561 /* Release */ = {
			isa = XCBuildConfiguration;
			buildSettings = {
				ASSETCATALOG_COMPILER_APPICON_NAME = AppIcon;
				DEVELOPMENT_TEAM = CSUJW2XS9K;
				INFOPLIST_FILE = JabberWock/Info.plist;
				LD_RUNPATH_SEARCH_PATHS = "$(inherited) @executable_path/Frameworks";
				PRODUCT_BUNDLE_IDENTIFIER = "jp.com.momiji-mac.JabberWock";
				PRODUCT_NAME = "$(TARGET_NAME)";
				SWIFT_VERSION = 3.0;
			};
			name = Release;
		};
		1B1CE2DC1DEFF8D000DD2561 /* Debug */ = {
			isa = XCBuildConfiguration;
			buildSettings = {
				ALWAYS_EMBED_SWIFT_STANDARD_LIBRARIES = YES;
				BUNDLE_LOADER = "$(TEST_HOST)";
				DEVELOPMENT_TEAM = CSUJW2XS9K;
				INFOPLIST_FILE = JabberWockTests/Info.plist;
				LD_RUNPATH_SEARCH_PATHS = "$(inherited) @executable_path/Frameworks @loader_path/Frameworks";
				PRODUCT_BUNDLE_IDENTIFIER = "jp.com.momiji-mac.JabberWockTests";
				PRODUCT_NAME = "$(TARGET_NAME)";
				SWIFT_VERSION = 3.0;
				TEST_HOST = "$(BUILT_PRODUCTS_DIR)/JabberWock.app/JabberWock";
			};
			name = Debug;
		};
		1B1CE2DD1DEFF8D000DD2561 /* Release */ = {
			isa = XCBuildConfiguration;
			buildSettings = {
				ALWAYS_EMBED_SWIFT_STANDARD_LIBRARIES = YES;
				BUNDLE_LOADER = "$(TEST_HOST)";
				DEVELOPMENT_TEAM = CSUJW2XS9K;
				INFOPLIST_FILE = JabberWockTests/Info.plist;
				LD_RUNPATH_SEARCH_PATHS = "$(inherited) @executable_path/Frameworks @loader_path/Frameworks";
				PRODUCT_BUNDLE_IDENTIFIER = "jp.com.momiji-mac.JabberWockTests";
				PRODUCT_NAME = "$(TARGET_NAME)";
				SWIFT_VERSION = 3.0;
				TEST_HOST = "$(BUILT_PRODUCTS_DIR)/JabberWock.app/JabberWock";
			};
			name = Release;
		};
/* End XCBuildConfiguration section */

/* Begin XCConfigurationList section */
		1B1CE2B31DEFF8D000DD2561 /* Build configuration list for PBXProject "JabberWock" */ = {
			isa = XCConfigurationList;
			buildConfigurations = (
				1B1CE2D61DEFF8D000DD2561 /* Debug */,
				1B1CE2D71DEFF8D000DD2561 /* Release */,
			);
			defaultConfigurationIsVisible = 0;
			defaultConfigurationName = Release;
		};
		1B1CE2D81DEFF8D000DD2561 /* Build configuration list for PBXNativeTarget "JabberWock" */ = {
			isa = XCConfigurationList;
			buildConfigurations = (
				1B1CE2D91DEFF8D000DD2561 /* Debug */,
				1B1CE2DA1DEFF8D000DD2561 /* Release */,
			);
			defaultConfigurationIsVisible = 0;
			defaultConfigurationName = Release;
		};
		1B1CE2DB1DEFF8D000DD2561 /* Build configuration list for PBXNativeTarget "JabberWockTests" */ = {
			isa = XCConfigurationList;
			buildConfigurations = (
				1B1CE2DC1DEFF8D000DD2561 /* Debug */,
				1B1CE2DD1DEFF8D000DD2561 /* Release */,
			);
			defaultConfigurationIsVisible = 0;
			defaultConfigurationName = Release;
		};
/* End XCConfigurationList section */

/* Begin XCVersionGroup section */
		1B1CE2C21DEFF8D000DD2561 /* JabberWock.xcdatamodeld */ = {
			isa = XCVersionGroup;
			children = (
				1B1CE2C31DEFF8D000DD2561 /* JabberWock.xcdatamodel */,
			);
			currentVersion = 1B1CE2C31DEFF8D000DD2561 /* JabberWock.xcdatamodel */;
			path = JabberWock.xcdatamodeld;
			sourceTree = "<group>";
			versionGroupType = wrapper.xcdatamodel;
		};
/* End XCVersionGroup section */
	};
	rootObject = 1B1CE2B01DEFF8D000DD2561 /* Project object */;
}
