// !$*UTF8*$!
{
	archiveVersion = 1;
	classes = {
	};
	objectVersion = 46;
	objects = {

/* Begin PBXBuildFile section */
		1B08131F1E0E7AD400C0A8DD /* mixHtmlTest.swift in Sources */ = {isa = PBXBuildFile; fileRef = 1B08131E1E0E7AD400C0A8DD /* mixHtmlTest.swift */; };
		1B19979B1E08A5E500C41C69 /* bodyTest.swift in Sources */ = {isa = PBXBuildFile; fileRef = 1B19979A1E08A5E500C41C69 /* bodyTest.swift */; };
		1B19979D1E08F1C600C41C69 /* b_i_strong_br.swift in Sources */ = {isa = PBXBuildFile; fileRef = 1B19979C1E08F1C600C41C69 /* b_i_strong_br.swift */; };
		1B19979F1E08FEAF00C41C69 /* bistrongTest.swift in Sources */ = {isa = PBXBuildFile; fileRef = 1B19979E1E08FEAF00C41C69 /* bistrongTest.swift */; };
		1B1997A01E090FEB00C41C69 /* b_i_strong_br.swift in Sources */ = {isa = PBXBuildFile; fileRef = 1B19979C1E08F1C600C41C69 /* b_i_strong_br.swift */; };
		1B1CE2BC1DEFF8D000DD2561 /* AppDelegate.swift in Sources */ = {isa = PBXBuildFile; fileRef = 1B1CE2BB1DEFF8D000DD2561 /* AppDelegate.swift */; };
		1B1CE2BE1DEFF8D000DD2561 /* ViewController.swift in Sources */ = {isa = PBXBuildFile; fileRef = 1B1CE2BD1DEFF8D000DD2561 /* ViewController.swift */; };
		1B1CE2C41DEFF8D000DD2561 /* JabberWock.xcdatamodeld in Sources */ = {isa = PBXBuildFile; fileRef = 1B1CE2C21DEFF8D000DD2561 /* JabberWock.xcdatamodeld */; };
		1B1CE2C61DEFF8D000DD2561 /* Assets.xcassets in Resources */ = {isa = PBXBuildFile; fileRef = 1B1CE2C51DEFF8D000DD2561 /* Assets.xcassets */; };
		1B1CE2C91DEFF8D000DD2561 /* LaunchScreen.storyboard in Resources */ = {isa = PBXBuildFile; fileRef = 1B1CE2C71DEFF8D000DD2561 /* LaunchScreen.storyboard */; };
		1B1CE2D41DEFF8D000DD2561 /* JabberWockTests.swift in Sources */ = {isa = PBXBuildFile; fileRef = 1B1CE2D31DEFF8D000DD2561 /* JabberWockTests.swift */; };
		1B1CE2DF1DF0086500DD2561 /* html.swift in Sources */ = {isa = PBXBuildFile; fileRef = 1B1CE2DE1DF0086500DD2561 /* html.swift */; };
		1B1CE2E51DF0117200DD2561 /* language.swift in Sources */ = {isa = PBXBuildFile; fileRef = 1B1CE2E41DF0117200DD2561 /* language.swift */; };
		1B1CE2E71DF0127E00DD2561 /* charset.swift in Sources */ = {isa = PBXBuildFile; fileRef = 1B1CE2E61DF0127E00DD2561 /* charset.swift */; };
		1B1CE2E91DF017F000DD2561 /* head.swift in Sources */ = {isa = PBXBuildFile; fileRef = 1B1CE2E81DF017F000DD2561 /* head.swift */; };
		1B1CE2EB1DF0185C00DD2561 /* body.swift in Sources */ = {isa = PBXBuildFile; fileRef = 1B1CE2EA1DF0185C00DD2561 /* body.swift */; };
		1B227D7E1E1742EF00787172 /* blockquote.swift in Sources */ = {isa = PBXBuildFile; fileRef = 1BAAE56E1E0B77F300A13637 /* blockquote.swift */; };
		1B227D801E17445900787172 /* dlTest.swift in Sources */ = {isa = PBXBuildFile; fileRef = 1B227D7F1E17445900787172 /* dlTest.swift */; };
		1B227D821E17691600787172 /* tagSetTest.swift in Sources */ = {isa = PBXBuildFile; fileRef = 1B227D811E17691600787172 /* tagSetTest.swift */; };
		1B282C371E1C69C00098ED40 /* TagString.swift in Sources */ = {isa = PBXBuildFile; fileRef = 1B282C361E1C69C00098ED40 /* TagString.swift */; };
		1B282C381E1C69C00098ED40 /* TagString.swift in Sources */ = {isa = PBXBuildFile; fileRef = 1B282C361E1C69C00098ED40 /* TagString.swift */; };
		1B30787E1E21A1D20042BDCC /* CSS_Study.swift in Sources */ = {isa = PBXBuildFile; fileRef = 1B30787D1E21A1D20042BDCC /* CSS_Study.swift */; };
		1B447C0B1E040F7F009C1BB8 /* headTest.swift in Sources */ = {isa = PBXBuildFile; fileRef = 1B447C0A1E040F7F009C1BB8 /* headTest.swift */; };
		1B447C0D1E04102F009C1BB8 /* headingTest.swift in Sources */ = {isa = PBXBuildFile; fileRef = 1B447C0C1E04102F009C1BB8 /* headingTest.swift */; };
		1B55D29A1E1A1A9A00F98E27 /* footerTest.swift in Sources */ = {isa = PBXBuildFile; fileRef = 1B55D2991E1A1A9A00F98E27 /* footerTest.swift */; };
		1B55D29B1E1A1ABD00F98E27 /* footer.swift in Sources */ = {isa = PBXBuildFile; fileRef = 1BCA4BA71E0953F50089772A /* footer.swift */; };
		1B55D29D1E1A1C7E00F98E27 /* table.swift in Sources */ = {isa = PBXBuildFile; fileRef = 1B55D29C1E1A1C7D00F98E27 /* table.swift */; };
		1B55D29E1E1A1C7E00F98E27 /* table.swift in Sources */ = {isa = PBXBuildFile; fileRef = 1B55D29C1E1A1C7D00F98E27 /* table.swift */; };
		1B55D2A01E1A308500F98E27 /* tableTest.swift in Sources */ = {isa = PBXBuildFile; fileRef = 1B55D29F1E1A308500F98E27 /* tableTest.swift */; };
		1B71C0DB1DF2A98F006492D5 /* JW.swift in Sources */ = {isa = PBXBuildFile; fileRef = 1B71C0DA1DF2A98F006492D5 /* JW.swift */; };
		1B71C0DF1DF2B24B006492D5 /* JWTest.swift in Sources */ = {isa = PBXBuildFile; fileRef = 1B71C0DE1DF2B24B006492D5 /* JWTest.swift */; };
		1B71C0E21DF2B2D9006492D5 /* JW.swift in Sources */ = {isa = PBXBuildFile; fileRef = 1B71C0DA1DF2A98F006492D5 /* JW.swift */; };
		1B7A692E1E19E4EB0030FF2D /* titleTest.swift in Sources */ = {isa = PBXBuildFile; fileRef = 1B7A692D1E19E4EB0030FF2D /* titleTest.swift */; };
		1B7F1C741DF9265C006F570B /* documentType.swift in Sources */ = {isa = PBXBuildFile; fileRef = 1B7F1C731DF9265C006F570B /* documentType.swift */; };
		1B7F1C761DF927FE006F570B /* doctypeTest.swift in Sources */ = {isa = PBXBuildFile; fileRef = 1B7F1C751DF927FE006F570B /* doctypeTest.swift */; };
		1B7F1C771DF92804006F570B /* documentType.swift in Sources */ = {isa = PBXBuildFile; fileRef = 1B7F1C731DF9265C006F570B /* documentType.swift */; };
		1B8122731E0A278E00495340 /* index.html in Resources */ = {isa = PBXBuildFile; fileRef = 1B8122721E0A278E00495340 /* index.html */; };
		1B88D4E21E027E6A0069A8AC /* meta.swift in Sources */ = {isa = PBXBuildFile; fileRef = 1B88D4E11E027E6A0069A8AC /* meta.swift */; };
		1B88D4E41E027FF40069A8AC /* globaDef.swift in Sources */ = {isa = PBXBuildFile; fileRef = 1B88D4E31E027FF40069A8AC /* globaDef.swift */; };
		1B88D4E51E0282550069A8AC /* meta.swift in Sources */ = {isa = PBXBuildFile; fileRef = 1B88D4E11E027E6A0069A8AC /* meta.swift */; };
		1B88D4E61E02825A0069A8AC /* globaDef.swift in Sources */ = {isa = PBXBuildFile; fileRef = 1B88D4E31E027FF40069A8AC /* globaDef.swift */; };
		1B8F6FCD1E1E2AD300553871 /* style.swift in Sources */ = {isa = PBXBuildFile; fileRef = 1B8F6FCC1E1E2AD300553871 /* style.swift */; };
		1B8F6FCE1E1E2AD300553871 /* style.swift in Sources */ = {isa = PBXBuildFile; fileRef = 1B8F6FCC1E1E2AD300553871 /* style.swift */; };
		1B8FACC01E16964900641934 /* metaTest.swift in Sources */ = {isa = PBXBuildFile; fileRef = 1B8FACBF1E16964900641934 /* metaTest.swift */; };
		1B9946ED1E02A07D00BA13B4 /* heading.swift in Sources */ = {isa = PBXBuildFile; fileRef = 1B9946EC1E02A07D00BA13B4 /* heading.swift */; };
		1B9946EE1E02A07D00BA13B4 /* heading.swift in Sources */ = {isa = PBXBuildFile; fileRef = 1B9946EC1E02A07D00BA13B4 /* heading.swift */; };
		1BAAB6DA1E00D2560009BA87 /* title.swift in Sources */ = {isa = PBXBuildFile; fileRef = 1BAAB6D91E00D2560009BA87 /* title.swift */; };
		1BAAB6DB1E00D2DF0009BA87 /* head.swift in Sources */ = {isa = PBXBuildFile; fileRef = 1B1CE2E81DF017F000DD2561 /* head.swift */; };
		1BAAB6DC1E00FD730009BA87 /* title.swift in Sources */ = {isa = PBXBuildFile; fileRef = 1BAAB6D91E00D2560009BA87 /* title.swift */; };
		1BAAB6DD1E00FD7A0009BA87 /* body.swift in Sources */ = {isa = PBXBuildFile; fileRef = 1B1CE2EA1DF0185C00DD2561 /* body.swift */; };
		1BAAE56B1E0B5C1800A13637 /* Main.storyboard in Resources */ = {isa = PBXBuildFile; fileRef = 1BAAE56A1E0B5C1800A13637 /* Main.storyboard */; };
		1BAAE56D1E0B5EEF00A13637 /* jquery-3.1.1.min.js in Resources */ = {isa = PBXBuildFile; fileRef = 1BAAE56C1E0B5EEF00A13637 /* jquery-3.1.1.min.js */; };
		1BAAE56F1E0B77F300A13637 /* blockquote.swift in Sources */ = {isa = PBXBuildFile; fileRef = 1BAAE56E1E0B77F300A13637 /* blockquote.swift */; };
		1BB619CB1E1DBDCC008D7261 /* div.swift in Sources */ = {isa = PBXBuildFile; fileRef = 1BB619CA1E1DBDCC008D7261 /* div.swift */; };
		1BB619CC1E1DBDCC008D7261 /* div.swift in Sources */ = {isa = PBXBuildFile; fileRef = 1BB619CA1E1DBDCC008D7261 /* div.swift */; };
		1BB619CE1E1DBDF9008D7261 /* divTest.swift in Sources */ = {isa = PBXBuildFile; fileRef = 1BB619CD1E1DBDF9008D7261 /* divTest.swift */; };
		1BCA4BA81E0953F50089772A /* footer.swift in Sources */ = {isa = PBXBuildFile; fileRef = 1BCA4BA71E0953F50089772A /* footer.swift */; };
		1BCB14EA1E0CDC1B009949A9 /* list.swift in Sources */ = {isa = PBXBuildFile; fileRef = 1BCB14E91E0CDC1B009949A9 /* list.swift */; };
		1BCB14EB1E0CDC1B009949A9 /* list.swift in Sources */ = {isa = PBXBuildFile; fileRef = 1BCB14E91E0CDC1B009949A9 /* list.swift */; };
		1BCB14ED1E0CDC52009949A9 /* listTest.swift in Sources */ = {isa = PBXBuildFile; fileRef = 1BCB14EC1E0CDC52009949A9 /* listTest.swift */; };
		1BCB14EF1E0CE80F009949A9 /* dl_ul_ol.swift in Sources */ = {isa = PBXBuildFile; fileRef = 1BCB14EE1E0CE80F009949A9 /* dl_ul_ol.swift */; };
		1BCB14F01E0CE80F009949A9 /* dl_ul_ol.swift in Sources */ = {isa = PBXBuildFile; fileRef = 1BCB14EE1E0CE80F009949A9 /* dl_ul_ol.swift */; };
		1BD05B4E1DF6CB3000AFAABD /* htmlTest.swift in Sources */ = {isa = PBXBuildFile; fileRef = 1BD05B4D1DF6CB3000AFAABD /* htmlTest.swift */; };
		1BD05B511DF6CDC100AFAABD /* html.swift in Sources */ = {isa = PBXBuildFile; fileRef = 1B1CE2DE1DF0086500DD2561 /* html.swift */; };
		1BD05B521DF6CF8400AFAABD /* language.swift in Sources */ = {isa = PBXBuildFile; fileRef = 1B1CE2E41DF0117200DD2561 /* language.swift */; };
		1BD05B531DF6CF8800AFAABD /* charset.swift in Sources */ = {isa = PBXBuildFile; fileRef = 1B1CE2E61DF0127E00DD2561 /* charset.swift */; };
		1BD1C1601E1DDDAE00679590 /* css_JW_TEST.swift in Sources */ = {isa = PBXBuildFile; fileRef = 1BD1C15F1E1DDDAE00679590 /* css_JW_TEST.swift */; };
		1BD1C1621E1DDDC700679590 /* CSS.swift in Sources */ = {isa = PBXBuildFile; fileRef = 1BD1C1611E1DDDC700679590 /* CSS.swift */; };
		1BD1C1631E1DDDC700679590 /* CSS.swift in Sources */ = {isa = PBXBuildFile; fileRef = 1BD1C1611E1DDDC700679590 /* CSS.swift */; };
		1BD1C1651E1DE1B100679590 /* CSS_Color.swift in Sources */ = {isa = PBXBuildFile; fileRef = 1BD1C1641E1DE1B100679590 /* CSS_Color.swift */; };
		1BD1C1661E1DE1B100679590 /* CSS_Color.swift in Sources */ = {isa = PBXBuildFile; fileRef = 1BD1C1641E1DE1B100679590 /* CSS_Color.swift */; };
		1BD1C1681E1DE2B800679590 /* CSSItem.swift in Sources */ = {isa = PBXBuildFile; fileRef = 1BD1C1671E1DE2B800679590 /* CSSItem.swift */; };
		1BD1C1691E1DE2B800679590 /* CSSItem.swift in Sources */ = {isa = PBXBuildFile; fileRef = 1BD1C1671E1DE2B800679590 /* CSSItem.swift */; };
		1BD1C16B1E1DF92200679590 /* css_Color_Test.swift in Sources */ = {isa = PBXBuildFile; fileRef = 1BD1C16A1E1DF92200679590 /* css_Color_Test.swift */; };
		1BE090DB1E06536800A82473 /* pTest.swift in Sources */ = {isa = PBXBuildFile; fileRef = 1BE090DA1E06536800A82473 /* pTest.swift */; };
		1BE090DD1E06538400A82473 /* p.swift in Sources */ = {isa = PBXBuildFile; fileRef = 1BE090DC1E06538400A82473 /* p.swift */; };
		1BE090DE1E06545C00A82473 /* p.swift in Sources */ = {isa = PBXBuildFile; fileRef = 1BE090DC1E06538400A82473 /* p.swift */; };
		1BFB03AC1E222B1F0022041D /* CSS_Font.swift in Sources */ = {isa = PBXBuildFile; fileRef = 1BFB03AB1E222B1F0022041D /* CSS_Font.swift */; };
		1BFB03AD1E222C0A0022041D /* CSS_Font.swift in Sources */ = {isa = PBXBuildFile; fileRef = 1BFB03AB1E222B1F0022041D /* CSS_Font.swift */; };
/* End PBXBuildFile section */

/* Begin PBXContainerItemProxy section */
		1B1CE2D01DEFF8D000DD2561 /* PBXContainerItemProxy */ = {
			isa = PBXContainerItemProxy;
			containerPortal = 1B1CE2B01DEFF8D000DD2561 /* Project object */;
			proxyType = 1;
			remoteGlobalIDString = 1B1CE2B71DEFF8D000DD2561;
			remoteInfo = JabberWock;
		};
/* End PBXContainerItemProxy section */

/* Begin PBXFileReference section */
		1B08131E1E0E7AD400C0A8DD /* mixHtmlTest.swift */ = {isa = PBXFileReference; fileEncoding = 4; lastKnownFileType = sourcecode.swift; path = mixHtmlTest.swift; sourceTree = "<group>"; };
		1B19979A1E08A5E500C41C69 /* bodyTest.swift */ = {isa = PBXFileReference; fileEncoding = 4; lastKnownFileType = sourcecode.swift; path = bodyTest.swift; sourceTree = "<group>"; };
		1B19979C1E08F1C600C41C69 /* b_i_strong_br.swift */ = {isa = PBXFileReference; fileEncoding = 4; lastKnownFileType = sourcecode.swift; path = b_i_strong_br.swift; sourceTree = "<group>"; };
		1B19979E1E08FEAF00C41C69 /* bistrongTest.swift */ = {isa = PBXFileReference; fileEncoding = 4; lastKnownFileType = sourcecode.swift; path = bistrongTest.swift; sourceTree = "<group>"; };
		1B1CE2B81DEFF8D000DD2561 /* JabberWock.app */ = {isa = PBXFileReference; explicitFileType = wrapper.application; includeInIndex = 0; path = JabberWock.app; sourceTree = BUILT_PRODUCTS_DIR; };
		1B1CE2BB1DEFF8D000DD2561 /* AppDelegate.swift */ = {isa = PBXFileReference; lastKnownFileType = sourcecode.swift; path = AppDelegate.swift; sourceTree = "<group>"; };
		1B1CE2BD1DEFF8D000DD2561 /* ViewController.swift */ = {isa = PBXFileReference; lastKnownFileType = sourcecode.swift; path = ViewController.swift; sourceTree = "<group>"; };
		1B1CE2C31DEFF8D000DD2561 /* JabberWock.xcdatamodel */ = {isa = PBXFileReference; lastKnownFileType = wrapper.xcdatamodel; path = JabberWock.xcdatamodel; sourceTree = "<group>"; };
		1B1CE2C51DEFF8D000DD2561 /* Assets.xcassets */ = {isa = PBXFileReference; lastKnownFileType = folder.assetcatalog; path = Assets.xcassets; sourceTree = "<group>"; };
		1B1CE2C81DEFF8D000DD2561 /* Base */ = {isa = PBXFileReference; lastKnownFileType = file.storyboard; name = Base; path = Base.lproj/LaunchScreen.storyboard; sourceTree = "<group>"; };
		1B1CE2CA1DEFF8D000DD2561 /* Info.plist */ = {isa = PBXFileReference; lastKnownFileType = text.plist.xml; path = Info.plist; sourceTree = "<group>"; };
		1B1CE2CF1DEFF8D000DD2561 /* JabberWockTests.xctest */ = {isa = PBXFileReference; explicitFileType = wrapper.cfbundle; includeInIndex = 0; path = JabberWockTests.xctest; sourceTree = BUILT_PRODUCTS_DIR; };
		1B1CE2D31DEFF8D000DD2561 /* JabberWockTests.swift */ = {isa = PBXFileReference; lastKnownFileType = sourcecode.swift; path = JabberWockTests.swift; sourceTree = "<group>"; };
		1B1CE2D51DEFF8D000DD2561 /* Info.plist */ = {isa = PBXFileReference; lastKnownFileType = text.plist.xml; path = Info.plist; sourceTree = "<group>"; };
		1B1CE2DE1DF0086500DD2561 /* html.swift */ = {isa = PBXFileReference; fileEncoding = 4; lastKnownFileType = sourcecode.swift; path = html.swift; sourceTree = "<group>"; };
		1B1CE2E41DF0117200DD2561 /* language.swift */ = {isa = PBXFileReference; fileEncoding = 4; lastKnownFileType = sourcecode.swift; path = language.swift; sourceTree = "<group>"; };
		1B1CE2E61DF0127E00DD2561 /* charset.swift */ = {isa = PBXFileReference; fileEncoding = 4; lastKnownFileType = sourcecode.swift; path = charset.swift; sourceTree = "<group>"; };
		1B1CE2E81DF017F000DD2561 /* head.swift */ = {isa = PBXFileReference; fileEncoding = 4; lastKnownFileType = sourcecode.swift; path = head.swift; sourceTree = "<group>"; };
		1B1CE2EA1DF0185C00DD2561 /* body.swift */ = {isa = PBXFileReference; fileEncoding = 4; lastKnownFileType = sourcecode.swift; path = body.swift; sourceTree = "<group>"; };
		1B227D7F1E17445900787172 /* dlTest.swift */ = {isa = PBXFileReference; fileEncoding = 4; lastKnownFileType = sourcecode.swift; path = dlTest.swift; sourceTree = "<group>"; };
		1B227D811E17691600787172 /* tagSetTest.swift */ = {isa = PBXFileReference; fileEncoding = 4; lastKnownFileType = sourcecode.swift; path = tagSetTest.swift; sourceTree = "<group>"; };
		1B282C361E1C69C00098ED40 /* TagString.swift */ = {isa = PBXFileReference; fileEncoding = 4; lastKnownFileType = sourcecode.swift; path = TagString.swift; sourceTree = "<group>"; };
		1B30787D1E21A1D20042BDCC /* CSS_Study.swift */ = {isa = PBXFileReference; fileEncoding = 4; lastKnownFileType = sourcecode.swift; path = CSS_Study.swift; sourceTree = "<group>"; };
		1B447C0A1E040F7F009C1BB8 /* headTest.swift */ = {isa = PBXFileReference; fileEncoding = 4; lastKnownFileType = sourcecode.swift; path = headTest.swift; sourceTree = "<group>"; };
		1B447C0C1E04102F009C1BB8 /* headingTest.swift */ = {isa = PBXFileReference; fileEncoding = 4; lastKnownFileType = sourcecode.swift; path = headingTest.swift; sourceTree = "<group>"; };
		1B55D2991E1A1A9A00F98E27 /* footerTest.swift */ = {isa = PBXFileReference; fileEncoding = 4; lastKnownFileType = sourcecode.swift; path = footerTest.swift; sourceTree = "<group>"; };
		1B55D29C1E1A1C7D00F98E27 /* table.swift */ = {isa = PBXFileReference; fileEncoding = 4; lastKnownFileType = sourcecode.swift; path = table.swift; sourceTree = "<group>"; };
		1B55D29F1E1A308500F98E27 /* tableTest.swift */ = {isa = PBXFileReference; fileEncoding = 4; lastKnownFileType = sourcecode.swift; path = tableTest.swift; sourceTree = "<group>"; };
		1B71C0DA1DF2A98F006492D5 /* JW.swift */ = {isa = PBXFileReference; fileEncoding = 4; lastKnownFileType = sourcecode.swift; path = JW.swift; sourceTree = "<group>"; };
		1B71C0DE1DF2B24B006492D5 /* JWTest.swift */ = {isa = PBXFileReference; fileEncoding = 4; lastKnownFileType = sourcecode.swift; path = JWTest.swift; sourceTree = "<group>"; };
		1B7A692D1E19E4EB0030FF2D /* titleTest.swift */ = {isa = PBXFileReference; fileEncoding = 4; lastKnownFileType = sourcecode.swift; path = titleTest.swift; sourceTree = "<group>"; };
		1B7F1C731DF9265C006F570B /* documentType.swift */ = {isa = PBXFileReference; fileEncoding = 4; lastKnownFileType = sourcecode.swift; path = documentType.swift; sourceTree = "<group>"; };
		1B7F1C751DF927FE006F570B /* doctypeTest.swift */ = {isa = PBXFileReference; fileEncoding = 4; lastKnownFileType = sourcecode.swift; path = doctypeTest.swift; sourceTree = "<group>"; };
		1B8122721E0A278E00495340 /* index.html */ = {isa = PBXFileReference; fileEncoding = 4; lastKnownFileType = text.html; path = index.html; sourceTree = "<group>"; };
		1B88D4E11E027E6A0069A8AC /* meta.swift */ = {isa = PBXFileReference; fileEncoding = 4; lastKnownFileType = sourcecode.swift; path = meta.swift; sourceTree = "<group>"; };
		1B88D4E31E027FF40069A8AC /* globaDef.swift */ = {isa = PBXFileReference; fileEncoding = 4; lastKnownFileType = sourcecode.swift; path = globaDef.swift; sourceTree = "<group>"; };
		1B8F6FCC1E1E2AD300553871 /* style.swift */ = {isa = PBXFileReference; fileEncoding = 4; lastKnownFileType = sourcecode.swift; path = style.swift; sourceTree = "<group>"; };
		1B8FACBF1E16964900641934 /* metaTest.swift */ = {isa = PBXFileReference; fileEncoding = 4; lastKnownFileType = sourcecode.swift; path = metaTest.swift; sourceTree = "<group>"; };
		1B9946EC1E02A07D00BA13B4 /* heading.swift */ = {isa = PBXFileReference; fileEncoding = 4; lastKnownFileType = sourcecode.swift; path = heading.swift; sourceTree = "<group>"; };
		1BAAB6D91E00D2560009BA87 /* title.swift */ = {isa = PBXFileReference; fileEncoding = 4; lastKnownFileType = sourcecode.swift; path = title.swift; sourceTree = "<group>"; };
		1BAAE56A1E0B5C1800A13637 /* Main.storyboard */ = {isa = PBXFileReference; fileEncoding = 4; lastKnownFileType = file.storyboard; path = Main.storyboard; sourceTree = "<group>"; };
		1BAAE56C1E0B5EEF00A13637 /* jquery-3.1.1.min.js */ = {isa = PBXFileReference; fileEncoding = 4; lastKnownFileType = sourcecode.javascript; path = "jquery-3.1.1.min.js"; sourceTree = "<group>"; };
		1BAAE56E1E0B77F300A13637 /* blockquote.swift */ = {isa = PBXFileReference; fileEncoding = 4; lastKnownFileType = sourcecode.swift; path = blockquote.swift; sourceTree = "<group>"; };
		1BB619CA1E1DBDCC008D7261 /* div.swift */ = {isa = PBXFileReference; fileEncoding = 4; lastKnownFileType = sourcecode.swift; path = div.swift; sourceTree = "<group>"; };
		1BB619CD1E1DBDF9008D7261 /* divTest.swift */ = {isa = PBXFileReference; fileEncoding = 4; lastKnownFileType = sourcecode.swift; path = divTest.swift; sourceTree = "<group>"; };
		1BCA4BA71E0953F50089772A /* footer.swift */ = {isa = PBXFileReference; fileEncoding = 4; lastKnownFileType = sourcecode.swift; path = footer.swift; sourceTree = "<group>"; };
		1BCB14E91E0CDC1B009949A9 /* list.swift */ = {isa = PBXFileReference; fileEncoding = 4; lastKnownFileType = sourcecode.swift; path = list.swift; sourceTree = "<group>"; };
		1BCB14EC1E0CDC52009949A9 /* listTest.swift */ = {isa = PBXFileReference; fileEncoding = 4; lastKnownFileType = sourcecode.swift; path = listTest.swift; sourceTree = "<group>"; };
		1BCB14EE1E0CE80F009949A9 /* dl_ul_ol.swift */ = {isa = PBXFileReference; fileEncoding = 4; lastKnownFileType = sourcecode.swift; path = dl_ul_ol.swift; sourceTree = "<group>"; };
		1BD05B4D1DF6CB3000AFAABD /* htmlTest.swift */ = {isa = PBXFileReference; fileEncoding = 4; lastKnownFileType = sourcecode.swift; path = htmlTest.swift; sourceTree = "<group>"; };
		1BD1C15F1E1DDDAE00679590 /* css_JW_TEST.swift */ = {isa = PBXFileReference; fileEncoding = 4; lastKnownFileType = sourcecode.swift; path = css_JW_TEST.swift; sourceTree = "<group>"; };
		1BD1C1611E1DDDC700679590 /* CSS.swift */ = {isa = PBXFileReference; fileEncoding = 4; lastKnownFileType = sourcecode.swift; name = CSS.swift; path = CSS.swift; sourceTree = "<group>"; };
		1BD1C1641E1DE1B100679590 /* CSS_Color.swift */ = {isa = PBXFileReference; fileEncoding = 4; lastKnownFileType = sourcecode.swift; name = CSS_Color.swift; path = CSS_Color.swift; sourceTree = "<group>"; };
		1BD1C1671E1DE2B800679590 /* CSSItem.swift */ = {isa = PBXFileReference; fileEncoding = 4; lastKnownFileType = sourcecode.swift; name = CSSItem.swift; path = CSSItem.swift; sourceTree = "<group>"; };
		1BD1C16A1E1DF92200679590 /* css_Color_Test.swift */ = {isa = PBXFileReference; fileEncoding = 4; lastKnownFileType = sourcecode.swift; path = css_Color_Test.swift; sourceTree = "<group>"; };
		1BE090DA1E06536800A82473 /* pTest.swift */ = {isa = PBXFileReference; fileEncoding = 4; lastKnownFileType = sourcecode.swift; path = pTest.swift; sourceTree = "<group>"; };
		1BE090DC1E06538400A82473 /* p.swift */ = {isa = PBXFileReference; fileEncoding = 4; lastKnownFileType = sourcecode.swift; path = p.swift; sourceTree = "<group>"; };
		1BFB03AB1E222B1F0022041D /* CSS_Font.swift */ = {isa = PBXFileReference; fileEncoding = 4; lastKnownFileType = sourcecode.swift; name = CSS_Font.swift; path = CSS_Font.swift; sourceTree = "<group>"; };
/* End PBXFileReference section */

/* Begin PBXFrameworksBuildPhase section */
		1B1CE2B51DEFF8D000DD2561 /* Frameworks */ = {
			isa = PBXFrameworksBuildPhase;
			buildActionMask = 2147483647;
			files = (
			);
			runOnlyForDeploymentPostprocessing = 0;
		};
		1B1CE2CC1DEFF8D000DD2561 /* Frameworks */ = {
			isa = PBXFrameworksBuildPhase;
			buildActionMask = 2147483647;
			files = (
			);
			runOnlyForDeploymentPostprocessing = 0;
		};
/* End PBXFrameworksBuildPhase section */

/* Begin PBXGroup section */
		1B1CE2AF1DEFF8D000DD2561 = {
			isa = PBXGroup;
			children = (
				1B1CE2BA1DEFF8D000DD2561 /* JabberWock */,
				1B1CE2D21DEFF8D000DD2561 /* JabberWockTests */,
				1B1CE2B91DEFF8D000DD2561 /* Products */,
				1B8122721E0A278E00495340 /* index.html */,
				1BAAE56C1E0B5EEF00A13637 /* jquery-3.1.1.min.js */,
			);
			sourceTree = "<group>";
		};
		1B1CE2B91DEFF8D000DD2561 /* Products */ = {
			isa = PBXGroup;
			children = (
				1B1CE2B81DEFF8D000DD2561 /* JabberWock.app */,
				1B1CE2CF1DEFF8D000DD2561 /* JabberWockTests.xctest */,
			);
			name = Products;
			sourceTree = "<group>";
		};
		1B1CE2BA1DEFF8D000DD2561 /* JabberWock */ = {
			isa = PBXGroup;
			children = (
				1B1CE2E11DF0089700DD2561 /* css */,
				1B1CE2E31DF0115400DD2561 /* global */,
				1B1CE2E01DF0088C00DD2561 /* html */,
				1B1CE2E21DF0089D00DD2561 /* js */,
				1B1CE2BB1DEFF8D000DD2561 /* AppDelegate.swift */,
				1B1CE2C51DEFF8D000DD2561 /* Assets.xcassets */,
				1B1CE2CA1DEFF8D000DD2561 /* Info.plist */,
				1B1CE2C21DEFF8D000DD2561 /* JabberWock.xcdatamodeld */,
				1B1CE2C71DEFF8D000DD2561 /* LaunchScreen.storyboard */,
				1BAAE56A1E0B5C1800A13637 /* Main.storyboard */,
				1B1CE2BD1DEFF8D000DD2561 /* ViewController.swift */,
			);
			path = JabberWock;
			sourceTree = "<group>";
		};
		1B1CE2D21DEFF8D000DD2561 /* JabberWockTests */ = {
			isa = PBXGroup;
			children = (
				1BD1C15E1E1DDB4300679590 /* CSS_TEST */,
				1BB619CF1E1DBE04008D7261 /* HTML_TEST */,
				1B1CE2D51DEFF8D000DD2561 /* Info.plist */,
			);
			path = JabberWockTests;
			sourceTree = "<group>";
		};
		1B1CE2E01DF0088C00DD2561 /* html */ = {
			isa = PBXGroup;
			children = (
				1B19979C1E08F1C600C41C69 /* b_i_strong_br.swift */,
				1BAAE56E1E0B77F300A13637 /* blockquote.swift */,
				1B1CE2EA1DF0185C00DD2561 /* body.swift */,
				1BB619CA1E1DBDCC008D7261 /* div.swift */,
				1BCB14EE1E0CE80F009949A9 /* dl_ul_ol.swift */,
				1B7F1C731DF9265C006F570B /* documentType.swift */,
				1BCA4BA71E0953F50089772A /* footer.swift */,
				1B1CE2E81DF017F000DD2561 /* head.swift */,
				1B9946EC1E02A07D00BA13B4 /* heading.swift */,
				1B1CE2DE1DF0086500DD2561 /* html.swift */,
				1BCB14E91E0CDC1B009949A9 /* list.swift */,
				1B88D4E11E027E6A0069A8AC /* meta.swift */,
				1BE090DC1E06538400A82473 /* p.swift */,
				1B8F6FCC1E1E2AD300553871 /* style.swift */,
				1B55D29C1E1A1C7D00F98E27 /* table.swift */,
				1BAAB6D91E00D2560009BA87 /* title.swift */,
			);
			path = html;
			sourceTree = "<group>";
		};
		1B1CE2E11DF0089700DD2561 /* css */ = {
			isa = PBXGroup;
			children = (
				1BD1C1611E1DDDC700679590 /* CSS.swift */,
				1BD1C1671E1DE2B800679590 /* CSSItem.swift */,
				1BD1C1641E1DE1B100679590 /* CSS_Color.swift */,
				1BFB03AB1E222B1F0022041D /* CSS_Font.swift */,
			);
			path = css;
			sourceTree = "<group>";
		};
		1B1CE2E21DF0089D00DD2561 /* js */ = {
			isa = PBXGroup;
			children = (
			);
			path = js;
			sourceTree = "<group>";
		};
		1B1CE2E31DF0115400DD2561 /* global */ = {
			isa = PBXGroup;
			children = (
				1B71C0DA1DF2A98F006492D5 /* JW.swift */,
				1B282C361E1C69C00098ED40 /* TagString.swift */,
				1B1CE2E61DF0127E00DD2561 /* charset.swift */,
				1B88D4E31E027FF40069A8AC /* globaDef.swift */,
				1B1CE2E41DF0117200DD2561 /* language.swift */,
			);
			path = global;
			sourceTree = "<group>";
		};
		1BB619CF1E1DBE04008D7261 /* HTML_TEST */ = {
			isa = PBXGroup;
			children = (
				1B71C0DE1DF2B24B006492D5 /* JWTest.swift */,
				1B1CE2D31DEFF8D000DD2561 /* JabberWockTests.swift */,
				1B19979E1E08FEAF00C41C69 /* bistrongTest.swift */,
				1B19979A1E08A5E500C41C69 /* bodyTest.swift */,
				1BB619CD1E1DBDF9008D7261 /* divTest.swift */,
				1B227D7F1E17445900787172 /* dlTest.swift */,
				1B7F1C751DF927FE006F570B /* doctypeTest.swift */,
				1B55D2991E1A1A9A00F98E27 /* footerTest.swift */,
				1B447C0A1E040F7F009C1BB8 /* headTest.swift */,
				1B447C0C1E04102F009C1BB8 /* headingTest.swift */,
				1BD05B4D1DF6CB3000AFAABD /* htmlTest.swift */,
				1BCB14EC1E0CDC52009949A9 /* listTest.swift */,
				1B8FACBF1E16964900641934 /* metaTest.swift */,
				1B08131E1E0E7AD400C0A8DD /* mixHtmlTest.swift */,
				1BE090DA1E06536800A82473 /* pTest.swift */,
				1B55D29F1E1A308500F98E27 /* tableTest.swift */,
				1B227D811E17691600787172 /* tagSetTest.swift */,
				1B7A692D1E19E4EB0030FF2D /* titleTest.swift */,
			);
			path = HTML_TEST;
			sourceTree = "<group>";
		};
		1BD1C15E1E1DDB4300679590 /* CSS_TEST */ = {
			isa = PBXGroup;
			children = (
				1B30787D1E21A1D20042BDCC /* CSS_Study.swift */,
				1BD1C16A1E1DF92200679590 /* css_Color_Test.swift */,
				1BD1C15F1E1DDDAE00679590 /* css_JW_TEST.swift */,
			);
			name = CSS_TEST;
			path = CSS_TEST;
			sourceTree = "<group>";
		};
/* End PBXGroup section */

/* Begin PBXNativeTarget section */
		1B1CE2B71DEFF8D000DD2561 /* JabberWock */ = {
			isa = PBXNativeTarget;
			buildConfigurationList = 1B1CE2D81DEFF8D000DD2561 /* Build configuration list for PBXNativeTarget "JabberWock" */;
			buildPhases = (
				1B1CE2B41DEFF8D000DD2561 /* Sources */,
				1B1CE2B51DEFF8D000DD2561 /* Frameworks */,
				1B1CE2B61DEFF8D000DD2561 /* Resources */,
			);
			buildRules = (
			);
			dependencies = (
			);
			name = JabberWock;
			productName = JabberWock;
			productReference = 1B1CE2B81DEFF8D000DD2561 /* JabberWock.app */;
			productType = "com.apple.product-type.application";
		};
		1B1CE2CE1DEFF8D000DD2561 /* JabberWockTests */ = {
			isa = PBXNativeTarget;
			buildConfigurationList = 1B1CE2DB1DEFF8D000DD2561 /* Build configuration list for PBXNativeTarget "JabberWockTests" */;
			buildPhases = (
				1B1CE2CB1DEFF8D000DD2561 /* Sources */,
				1B1CE2CC1DEFF8D000DD2561 /* Frameworks */,
				1B1CE2CD1DEFF8D000DD2561 /* Resources */,
			);
			buildRules = (
			);
			dependencies = (
				1B1CE2D11DEFF8D000DD2561 /* PBXTargetDependency */,
			);
			name = JabberWockTests;
			productName = JabberWockTests;
			productReference = 1B1CE2CF1DEFF8D000DD2561 /* JabberWockTests.xctest */;
			productType = "com.apple.product-type.bundle.unit-test";
		};
/* End PBXNativeTarget section */

/* Begin PBXProject section */
		1B1CE2B01DEFF8D000DD2561 /* Project object */ = {
			isa = PBXProject;
			attributes = {
				LastSwiftUpdateCheck = 0810;
				LastUpgradeCheck = 0810;
				ORGANIZATIONNAME = "momiji-mac";
				TargetAttributes = {
					1B1CE2B71DEFF8D000DD2561 = {
						CreatedOnToolsVersion = 8.1;
						DevelopmentTeam = CSUJW2XS9K;
						ProvisioningStyle = Automatic;
					};
					1B1CE2CE1DEFF8D000DD2561 = {
						CreatedOnToolsVersion = 8.1;
						DevelopmentTeam = CSUJW2XS9K;
						ProvisioningStyle = Automatic;
						TestTargetID = 1B1CE2B71DEFF8D000DD2561;
					};
				};
			};
			buildConfigurationList = 1B1CE2B31DEFF8D000DD2561 /* Build configuration list for PBXProject "JabberWock" */;
			compatibilityVersion = "Xcode 3.2";
			developmentRegion = English;
			hasScannedForEncodings = 0;
			knownRegions = (
				en,
				Base,
			);
			mainGroup = 1B1CE2AF1DEFF8D000DD2561;
			productRefGroup = 1B1CE2B91DEFF8D000DD2561 /* Products */;
			projectDirPath = "";
			projectRoot = "";
			targets = (
				1B1CE2B71DEFF8D000DD2561 /* JabberWock */,
				1B1CE2CE1DEFF8D000DD2561 /* JabberWockTests */,
			);
		};
/* End PBXProject section */

/* Begin PBXResourcesBuildPhase section */
		1B1CE2B61DEFF8D000DD2561 /* Resources */ = {
			isa = PBXResourcesBuildPhase;
			buildActionMask = 2147483647;
			files = (
				1B8122731E0A278E00495340 /* index.html in Resources */,
				1BAAE56B1E0B5C1800A13637 /* Main.storyboard in Resources */,
				1B1CE2C91DEFF8D000DD2561 /* LaunchScreen.storyboard in Resources */,
				1B1CE2C61DEFF8D000DD2561 /* Assets.xcassets in Resources */,
				1BAAE56D1E0B5EEF00A13637 /* jquery-3.1.1.min.js in Resources */,
			);
			runOnlyForDeploymentPostprocessing = 0;
		};
		1B1CE2CD1DEFF8D000DD2561 /* Resources */ = {
			isa = PBXResourcesBuildPhase;
			buildActionMask = 2147483647;
			files = (
			);
			runOnlyForDeploymentPostprocessing = 0;
		};
/* End PBXResourcesBuildPhase section */

/* Begin PBXSourcesBuildPhase section */
		1B1CE2B41DEFF8D000DD2561 /* Sources */ = {
			isa = PBXSourcesBuildPhase;
			buildActionMask = 2147483647;
			files = (
				1B1CE2BE1DEFF8D000DD2561 /* ViewController.swift in Sources */,
				1BD1C1651E1DE1B100679590 /* CSS_Color.swift in Sources */,
				1BCA4BA81E0953F50089772A /* footer.swift in Sources */,
				1B19979D1E08F1C600C41C69 /* b_i_strong_br.swift in Sources */,
				1BFB03AC1E222B1F0022041D /* CSS_Font.swift in Sources */,
				1BB619CB1E1DBDCC008D7261 /* div.swift in Sources */,
				1B1CE2E51DF0117200DD2561 /* language.swift in Sources */,
				1BD1C1621E1DDDC700679590 /* CSS.swift in Sources */,
				1B7F1C741DF9265C006F570B /* documentType.swift in Sources */,
				1BE090DD1E06538400A82473 /* p.swift in Sources */,
				1B71C0DB1DF2A98F006492D5 /* JW.swift in Sources */,
				1BCB14EF1E0CE80F009949A9 /* dl_ul_ol.swift in Sources */,
				1B1CE2C41DEFF8D000DD2561 /* JabberWock.xcdatamodeld in Sources */,
				1B1CE2EB1DF0185C00DD2561 /* body.swift in Sources */,
				1B1CE2DF1DF0086500DD2561 /* html.swift in Sources */,
				1BAAB6DA1E00D2560009BA87 /* title.swift in Sources */,
				1B88D4E21E027E6A0069A8AC /* meta.swift in Sources */,
				1B282C371E1C69C00098ED40 /* TagString.swift in Sources */,
				1B88D4E41E027FF40069A8AC /* globaDef.swift in Sources */,
				1BD1C1681E1DE2B800679590 /* CSSItem.swift in Sources */,
				1B1CE2E71DF0127E00DD2561 /* charset.swift in Sources */,
				1B1CE2E91DF017F000DD2561 /* head.swift in Sources */,
				1B9946ED1E02A07D00BA13B4 /* heading.swift in Sources */,
				1BAAE56F1E0B77F300A13637 /* blockquote.swift in Sources */,
				1B55D29D1E1A1C7E00F98E27 /* table.swift in Sources */,
				1B1CE2BC1DEFF8D000DD2561 /* AppDelegate.swift in Sources */,
				1B8F6FCD1E1E2AD300553871 /* style.swift in Sources */,
				1BCB14EA1E0CDC1B009949A9 /* list.swift in Sources */,
			);
			runOnlyForDeploymentPostprocessing = 0;
		};
		1B1CE2CB1DEFF8D000DD2561 /* Sources */ = {
			isa = PBXSourcesBuildPhase;
			buildActionMask = 2147483647;
			files = (
				1BE090DE1E06545C00A82473 /* p.swift in Sources */,
				1BE090DB1E06536800A82473 /* pTest.swift in Sources */,
				1BB619CC1E1DBDCC008D7261 /* div.swift in Sources */,
				1BCB14F01E0CE80F009949A9 /* dl_ul_ol.swift in Sources */,
				1B227D821E17691600787172 /* tagSetTest.swift in Sources */,
				1B447C0D1E04102F009C1BB8 /* headingTest.swift in Sources */,
				1BD05B531DF6CF8800AFAABD /* charset.swift in Sources */,
				1B71C0DF1DF2B24B006492D5 /* JWTest.swift in Sources */,
				1BD1C1601E1DDDAE00679590 /* css_JW_TEST.swift in Sources */,
				1B227D7E1E1742EF00787172 /* blockquote.swift in Sources */,
				1BCB14ED1E0CDC52009949A9 /* listTest.swift in Sources */,
				1BD05B511DF6CDC100AFAABD /* html.swift in Sources */,
				1B30787E1E21A1D20042BDCC /* CSS_Study.swift in Sources */,
				1B55D2A01E1A308500F98E27 /* tableTest.swift in Sources */,
				1B8FACC01E16964900641934 /* metaTest.swift in Sources */,
				1BAAB6DB1E00D2DF0009BA87 /* head.swift in Sources */,
				1B1CE2D41DEFF8D000DD2561 /* JabberWockTests.swift in Sources */,
				1BD1C16B1E1DF92200679590 /* css_Color_Test.swift in Sources */,
				1B7F1C761DF927FE006F570B /* doctypeTest.swift in Sources */,
				1B1997A01E090FEB00C41C69 /* b_i_strong_br.swift in Sources */,
				1BB619CE1E1DBDF9008D7261 /* divTest.swift in Sources */,
				1BD05B4E1DF6CB3000AFAABD /* htmlTest.swift in Sources */,
				1B282C381E1C69C00098ED40 /* TagString.swift in Sources */,
				1BD1C1661E1DE1B100679590 /* CSS_Color.swift in Sources */,
				1BAAB6DC1E00FD730009BA87 /* title.swift in Sources */,
				1B7F1C771DF92804006F570B /* documentType.swift in Sources */,
				1B55D29E1E1A1C7E00F98E27 /* table.swift in Sources */,
				1B08131F1E0E7AD400C0A8DD /* mixHtmlTest.swift in Sources */,
				1BD1C1691E1DE2B800679590 /* CSSItem.swift in Sources */,
				1B55D29B1E1A1ABD00F98E27 /* footer.swift in Sources */,
				1B71C0E21DF2B2D9006492D5 /* JW.swift in Sources */,
				1B9946EE1E02A07D00BA13B4 /* heading.swift in Sources */,
				1B447C0B1E040F7F009C1BB8 /* headTest.swift in Sources */,
				1B19979B1E08A5E500C41C69 /* bodyTest.swift in Sources */,
				1B227D801E17445900787172 /* dlTest.swift in Sources */,
				1B88D4E51E0282550069A8AC /* meta.swift in Sources */,
				1B19979F1E08FEAF00C41C69 /* bistrongTest.swift in Sources */,
				1B55D29A1E1A1A9A00F98E27 /* footerTest.swift in Sources */,
				1BCB14EB1E0CDC1B009949A9 /* list.swift in Sources */,
				1BD05B521DF6CF8400AFAABD /* language.swift in Sources */,
				1BFB03AD1E222C0A0022041D /* CSS_Font.swift in Sources */,
				1BAAB6DD1E00FD7A0009BA87 /* body.swift in Sources */,
				1BD1C1631E1DDDC700679590 /* CSS.swift in Sources */,
				1B7A692E1E19E4EB0030FF2D /* titleTest.swift in Sources */,
				1B88D4E61E02825A0069A8AC /* globaDef.swift in Sources */,
				1B8F6FCE1E1E2AD300553871 /* style.swift in Sources */,
			);
			runOnlyForDeploymentPostprocessing = 0;
		};
/* End PBXSourcesBuildPhase section */

/* Begin PBXTargetDependency section */
		1B1CE2D11DEFF8D000DD2561 /* PBXTargetDependency */ = {
			isa = PBXTargetDependency;
			target = 1B1CE2B71DEFF8D000DD2561 /* JabberWock */;
			targetProxy = 1B1CE2D01DEFF8D000DD2561 /* PBXContainerItemProxy */;
		};
/* End PBXTargetDependency section */

/* Begin PBXVariantGroup section */
		1B1CE2C71DEFF8D000DD2561 /* LaunchScreen.storyboard */ = {
			isa = PBXVariantGroup;
			children = (
				1B1CE2C81DEFF8D000DD2561 /* Base */,
			);
			name = LaunchScreen.storyboard;
			path = .;
			sourceTree = "<group>";
		};
/* End PBXVariantGroup section */

/* Begin XCBuildConfiguration section */
		1B1CE2D61DEFF8D000DD2561 /* Debug */ = {
			isa = XCBuildConfiguration;
			buildSettings = {
				ALWAYS_SEARCH_USER_PATHS = NO;
				CLANG_ANALYZER_NONNULL = YES;
				CLANG_CXX_LANGUAGE_STANDARD = "gnu++0x";
				CLANG_CXX_LIBRARY = "libc++";
				CLANG_ENABLE_MODULES = YES;
				CLANG_ENABLE_OBJC_ARC = YES;
				CLANG_WARN_BOOL_CONVERSION = YES;
				CLANG_WARN_CONSTANT_CONVERSION = YES;
				CLANG_WARN_DIRECT_OBJC_ISA_USAGE = YES_ERROR;
				CLANG_WARN_DOCUMENTATION_COMMENTS = YES;
				CLANG_WARN_EMPTY_BODY = YES;
				CLANG_WARN_ENUM_CONVERSION = YES;
				CLANG_WARN_INFINITE_RECURSION = YES;
				CLANG_WARN_INT_CONVERSION = YES;
				CLANG_WARN_OBJC_ROOT_CLASS = YES_ERROR;
				CLANG_WARN_SUSPICIOUS_MOVES = YES;
				CLANG_WARN_UNREACHABLE_CODE = YES;
				CLANG_WARN__DUPLICATE_METHOD_MATCH = YES;
				"CODE_SIGN_IDENTITY[sdk=iphoneos*]" = "iPhone Developer";
				COPY_PHASE_STRIP = NO;
				DEBUG_INFORMATION_FORMAT = dwarf;
				ENABLE_STRICT_OBJC_MSGSEND = YES;
				ENABLE_TESTABILITY = YES;
				GCC_C_LANGUAGE_STANDARD = gnu99;
				GCC_DYNAMIC_NO_PIC = NO;
				GCC_NO_COMMON_BLOCKS = YES;
				GCC_OPTIMIZATION_LEVEL = 0;
				GCC_PREPROCESSOR_DEFINITIONS = (
					"DEBUG=1",
					"$(inherited)",
				);
				GCC_WARN_64_TO_32_BIT_CONVERSION = YES;
				GCC_WARN_ABOUT_RETURN_TYPE = YES_ERROR;
				GCC_WARN_UNDECLARED_SELECTOR = YES;
				GCC_WARN_UNINITIALIZED_AUTOS = YES_AGGRESSIVE;
				GCC_WARN_UNUSED_FUNCTION = YES;
				GCC_WARN_UNUSED_VARIABLE = YES;
				IPHONEOS_DEPLOYMENT_TARGET = 10.1;
				MTL_ENABLE_DEBUG_INFO = YES;
				ONLY_ACTIVE_ARCH = YES;
				SDKROOT = iphoneos;
				SWIFT_ACTIVE_COMPILATION_CONDITIONS = DEBUG;
				SWIFT_OPTIMIZATION_LEVEL = "-Onone";
				TARGETED_DEVICE_FAMILY = "1,2";
			};
			name = Debug;
		};
		1B1CE2D71DEFF8D000DD2561 /* Release */ = {
			isa = XCBuildConfiguration;
			buildSettings = {
				ALWAYS_SEARCH_USER_PATHS = NO;
				CLANG_ANALYZER_NONNULL = YES;
				CLANG_CXX_LANGUAGE_STANDARD = "gnu++0x";
				CLANG_CXX_LIBRARY = "libc++";
				CLANG_ENABLE_MODULES = YES;
				CLANG_ENABLE_OBJC_ARC = YES;
				CLANG_WARN_BOOL_CONVERSION = YES;
				CLANG_WARN_CONSTANT_CONVERSION = YES;
				CLANG_WARN_DIRECT_OBJC_ISA_USAGE = YES_ERROR;
				CLANG_WARN_DOCUMENTATION_COMMENTS = YES;
				CLANG_WARN_EMPTY_BODY = YES;
				CLANG_WARN_ENUM_CONVERSION = YES;
				CLANG_WARN_INFINITE_RECURSION = YES;
				CLANG_WARN_INT_CONVERSION = YES;
				CLANG_WARN_OBJC_ROOT_CLASS = YES_ERROR;
				CLANG_WARN_SUSPICIOUS_MOVES = YES;
				CLANG_WARN_UNREACHABLE_CODE = YES;
				CLANG_WARN__DUPLICATE_METHOD_MATCH = YES;
				"CODE_SIGN_IDENTITY[sdk=iphoneos*]" = "iPhone Developer";
				COPY_PHASE_STRIP = NO;
				DEBUG_INFORMATION_FORMAT = "dwarf-with-dsym";
				ENABLE_NS_ASSERTIONS = NO;
				ENABLE_STRICT_OBJC_MSGSEND = YES;
				GCC_C_LANGUAGE_STANDARD = gnu99;
				GCC_NO_COMMON_BLOCKS = YES;
				GCC_WARN_64_TO_32_BIT_CONVERSION = YES;
				GCC_WARN_ABOUT_RETURN_TYPE = YES_ERROR;
				GCC_WARN_UNDECLARED_SELECTOR = YES;
				GCC_WARN_UNINITIALIZED_AUTOS = YES_AGGRESSIVE;
				GCC_WARN_UNUSED_FUNCTION = YES;
				GCC_WARN_UNUSED_VARIABLE = YES;
				IPHONEOS_DEPLOYMENT_TARGET = 10.1;
				MTL_ENABLE_DEBUG_INFO = NO;
				SDKROOT = iphoneos;
				SWIFT_OPTIMIZATION_LEVEL = "-Owholemodule";
				TARGETED_DEVICE_FAMILY = "1,2";
				VALIDATE_PRODUCT = YES;
			};
			name = Release;
		};
		1B1CE2D91DEFF8D000DD2561 /* Debug */ = {
			isa = XCBuildConfiguration;
			buildSettings = {
				ASSETCATALOG_COMPILER_APPICON_NAME = AppIcon;
				DEVELOPMENT_TEAM = CSUJW2XS9K;
				INFOPLIST_FILE = JabberWock/Info.plist;
				IPHONEOS_DEPLOYMENT_TARGET = 10.0;
				LD_RUNPATH_SEARCH_PATHS = "$(inherited) @executable_path/Frameworks";
				ONLY_ACTIVE_ARCH = YES;
				PRODUCT_BUNDLE_IDENTIFIER = "jp.com.momiji-mac.JabberWock";
				PRODUCT_NAME = "$(TARGET_NAME)";
				SUPPORTED_PLATFORMS = "iphonesimulator iphoneos";
				SWIFT_VERSION = 3.0;
				TARGETED_DEVICE_FAMILY = "1,2";
			};
			name = Debug;
		};
		1B1CE2DA1DEFF8D000DD2561 /* Release */ = {
			isa = XCBuildConfiguration;
			buildSettings = {
				ASSETCATALOG_COMPILER_APPICON_NAME = AppIcon;
				DEVELOPMENT_TEAM = CSUJW2XS9K;
				INFOPLIST_FILE = JabberWock/Info.plist;
				IPHONEOS_DEPLOYMENT_TARGET = 10.0;
				LD_RUNPATH_SEARCH_PATHS = "$(inherited) @executable_path/Frameworks";
				ONLY_ACTIVE_ARCH = YES;
				PRODUCT_BUNDLE_IDENTIFIER = "jp.com.momiji-mac.JabberWock";
				PRODUCT_NAME = "$(TARGET_NAME)";
				SUPPORTED_PLATFORMS = "iphonesimulator iphoneos";
				SWIFT_VERSION = 3.0;
				TARGETED_DEVICE_FAMILY = "1,2";
			};
			name = Release;
		};
		1B1CE2DC1DEFF8D000DD2561 /* Debug */ = {
			isa = XCBuildConfiguration;
			buildSettings = {
				ALWAYS_EMBED_SWIFT_STANDARD_LIBRARIES = YES;
				BUNDLE_LOADER = "$(TEST_HOST)";
				DEVELOPMENT_TEAM = CSUJW2XS9K;
				INFOPLIST_FILE = JabberWockTests/Info.plist;
				IPHONEOS_DEPLOYMENT_TARGET = 10.0;
				LD_RUNPATH_SEARCH_PATHS = "$(inherited) @executable_path/Frameworks @loader_path/Frameworks";
				PRODUCT_BUNDLE_IDENTIFIER = "jp.com.momiji-mac.JabberWockTests";
				PRODUCT_NAME = "$(TARGET_NAME)";
				SUPPORTED_PLATFORMS = "iphonesimulator iphoneos";
				SWIFT_VERSION = 3.0;
				TEST_HOST = "$(BUILT_PRODUCTS_DIR)/JabberWock.app/JabberWock";
			};
			name = Debug;
		};
		1B1CE2DD1DEFF8D000DD2561 /* Release */ = {
			isa = XCBuildConfiguration;
			buildSettings = {
				ALWAYS_EMBED_SWIFT_STANDARD_LIBRARIES = YES;
				BUNDLE_LOADER = "$(TEST_HOST)";
				DEVELOPMENT_TEAM = CSUJW2XS9K;
				INFOPLIST_FILE = JabberWockTests/Info.plist;
				IPHONEOS_DEPLOYMENT_TARGET = 10.0;
				LD_RUNPATH_SEARCH_PATHS = "$(inherited) @executable_path/Frameworks @loader_path/Frameworks";
				PRODUCT_BUNDLE_IDENTIFIER = "jp.com.momiji-mac.JabberWockTests";
				PRODUCT_NAME = "$(TARGET_NAME)";
				SUPPORTED_PLATFORMS = "iphonesimulator iphoneos";
				SWIFT_VERSION = 3.0;
				TEST_HOST = "$(BUILT_PRODUCTS_DIR)/JabberWock.app/JabberWock";
			};
			name = Release;
		};
/* End XCBuildConfiguration section */

/* Begin XCConfigurationList section */
		1B1CE2B31DEFF8D000DD2561 /* Build configuration list for PBXProject "JabberWock" */ = {
			isa = XCConfigurationList;
			buildConfigurations = (
				1B1CE2D61DEFF8D000DD2561 /* Debug */,
				1B1CE2D71DEFF8D000DD2561 /* Release */,
			);
			defaultConfigurationIsVisible = 0;
			defaultConfigurationName = Release;
		};
		1B1CE2D81DEFF8D000DD2561 /* Build configuration list for PBXNativeTarget "JabberWock" */ = {
			isa = XCConfigurationList;
			buildConfigurations = (
				1B1CE2D91DEFF8D000DD2561 /* Debug */,
				1B1CE2DA1DEFF8D000DD2561 /* Release */,
			);
			defaultConfigurationIsVisible = 0;
			defaultConfigurationName = Release;
		};
		1B1CE2DB1DEFF8D000DD2561 /* Build configuration list for PBXNativeTarget "JabberWockTests" */ = {
			isa = XCConfigurationList;
			buildConfigurations = (
				1B1CE2DC1DEFF8D000DD2561 /* Debug */,
				1B1CE2DD1DEFF8D000DD2561 /* Release */,
			);
			defaultConfigurationIsVisible = 0;
			defaultConfigurationName = Release;
		};
/* End XCConfigurationList section */

/* Begin XCVersionGroup section */
		1B1CE2C21DEFF8D000DD2561 /* JabberWock.xcdatamodeld */ = {
			isa = XCVersionGroup;
			children = (
				1B1CE2C31DEFF8D000DD2561 /* JabberWock.xcdatamodel */,
			);
			currentVersion = 1B1CE2C31DEFF8D000DD2561 /* JabberWock.xcdatamodel */;
			path = JabberWock.xcdatamodeld;
			sourceTree = "<group>";
			versionGroupType = wrapper.xcdatamodel;
		};
/* End XCVersionGroup section */
	};
	rootObject = 1B1CE2B01DEFF8D000DD2561 /* Project object */;
}
